
Microsoft Visual Studio Solution File, Format Version 12.00
# Visual Studio Version 17
VisualStudioVersion = 17.10.35122.118
MinimumVisualStudioVersion = 10.0.40219.1
Project("{FAE04EC0-301F-11D3-BF4B-00C04F79EFBC}") = "SirpoLR3Charter", "SirpoLR3Charter\SirpoLR3Charter.csproj", "{8FE2C0EB-4114-4210-83B7-8129BB23E05F}"
EndProject
Project("{E53339B2-1760-4266-BCC7-CA923CBCF16C}") = "docker-compose", "docker-compose.dcproj", "{569AA9AA-D34B-4DFA-ADC4-FAFFA3FA954C}"
EndProject
Global
	GlobalSection(SolutionConfigurationPlatforms) = preSolution
		Debug|Any CPU = Debug|Any CPU
		Release|Any CPU = Release|Any CPU
	EndGlobalSection
	GlobalSection(ProjectConfigurationPlatforms) = postSolution
		{8FE2C0EB-4114-4210-83B7-8129BB23E05F}.Debug|Any CPU.ActiveCfg = Debug|Any CPU
		{8FE2C0EB-4114-4210-83B7-8129BB23E05F}.Debug|Any CPU.Build.0 = Debug|Any CPU
		{8FE2C0EB-4114-4210-83B7-8129BB23E05F}.Release|Any CPU.ActiveCfg = Release|Any CPU
		{8FE2C0EB-4114-4210-83B7-8129BB23E05F}.Release|Any CPU.Build.0 = Release|Any CPU
		{569AA9AA-D34B-4DFA-ADC4-FAFFA3FA954C}.Debug|Any CPU.ActiveCfg = Debug|Any CPU
		{569AA9AA-D34B-4DFA-ADC4-FAFFA3FA954C}.Debug|Any CPU.Build.0 = Debug|Any CPU
		{569AA9AA-D34B-4DFA-ADC4-FAFFA3FA954C}.Release|Any CPU.ActiveCfg = Release|Any CPU
		{569AA9AA-D34B-4DFA-ADC4-FAFFA3FA954C}.Release|Any CPU.Build.0 = Release|Any CPU
	EndGlobalSection
	GlobalSection(SolutionProperties) = preSolution
		HideSolutionNode = FALSE
	EndGlobalSection
	GlobalSection(ExtensibilityGlobals) = postSolution
		SolutionGuid = {2B9CE5FE-95D1-498F-8319-4048355A265A}
	EndGlobalSection
EndGlobal
